
Microsoft Visual Studio Solution File, Format Version 12.00
# Visual Studio Version 17
VisualStudioVersion = 17.11.35312.102
MinimumVisualStudioVersion = 10.0.40219.1
Project("{FAE04EC0-301F-11D3-BF4B-00C04F79EFBC}") = "RecuperacionInterfaces", "RecuperacionInterfaces\RecuperacionInterfaces.csproj", "{63391332-4FFF-417C-AAC1-82E8923C1F78}"
EndProject
Global
	GlobalSection(SolutionConfigurationPlatforms) = preSolution
		Debug|Any CPU = Debug|Any CPU
		Release|Any CPU = Release|Any CPU
	EndGlobalSection
	GlobalSection(ProjectConfigurationPlatforms) = postSolution
		{63391332-4FFF-417C-AAC1-82E8923C1F78}.Debug|Any CPU.ActiveCfg = Debug|Any CPU
		{63391332-4FFF-417C-AAC1-82E8923C1F78}.Debug|Any CPU.Build.0 = Debug|Any CPU
		{63391332-4FFF-417C-AAC1-82E8923C1F78}.Release|Any CPU.ActiveCfg = Release|Any CPU
		{63391332-4FFF-417C-AAC1-82E8923C1F78}.Release|Any CPU.Build.0 = Release|Any CPU
	EndGlobalSection
	GlobalSection(SolutionProperties) = preSolution
		HideSolutionNode = FALSE
	EndGlobalSection
	GlobalSection(ExtensibilityGlobals) = postSolution
		SolutionGuid = {CE711E80-452D-480B-8CD1-3CB5B6F29154}
	EndGlobalSection
EndGlobal
