
Microsoft Visual Studio Solution File, Format Version 12.00
# Visual Studio Version 17
VisualStudioVersion = 17.11.35312.102
MinimumVisualStudioVersion = 10.0.40219.1
Project("{FAE04EC0-301F-11D3-BF4B-00C04F79EFBC}") = "CronometroDigital", "Crono\CronometroDigital.csproj", "{77640128-3573-4728-A80E-CA2EAE68493C}"
EndProject
Project("{FAE04EC0-301F-11D3-BF4B-00C04F79EFBC}") = "aplicar", "aplicar\aplicar.csproj", "{70C34A68-5C0A-4166-875C-CA7148516CD6}"
EndProject
Global
	GlobalSection(SolutionConfigurationPlatforms) = preSolution
		Debug|Any CPU = Debug|Any CPU
		Release|Any CPU = Release|Any CPU
	EndGlobalSection
	GlobalSection(ProjectConfigurationPlatforms) = postSolution
		{77640128-3573-4728-A80E-CA2EAE68493C}.Debug|Any CPU.ActiveCfg = Debug|Any CPU
		{77640128-3573-4728-A80E-CA2EAE68493C}.Debug|Any CPU.Build.0 = Debug|Any CPU
		{77640128-3573-4728-A80E-CA2EAE68493C}.Release|Any CPU.ActiveCfg = Release|Any CPU
		{77640128-3573-4728-A80E-CA2EAE68493C}.Release|Any CPU.Build.0 = Release|Any CPU
		{70C34A68-5C0A-4166-875C-CA7148516CD6}.Debug|Any CPU.ActiveCfg = Debug|Any CPU
		{70C34A68-5C0A-4166-875C-CA7148516CD6}.Debug|Any CPU.Build.0 = Debug|Any CPU
		{70C34A68-5C0A-4166-875C-CA7148516CD6}.Release|Any CPU.ActiveCfg = Release|Any CPU
		{70C34A68-5C0A-4166-875C-CA7148516CD6}.Release|Any CPU.Build.0 = Release|Any CPU
	EndGlobalSection
	GlobalSection(SolutionProperties) = preSolution
		HideSolutionNode = FALSE
	EndGlobalSection
	GlobalSection(ExtensibilityGlobals) = postSolution
		SolutionGuid = {5D22DD0E-3BB7-47C3-B760-E7AB701A9B38}
	EndGlobalSection
EndGlobal
