
Microsoft Visual Studio Solution File, Format Version 12.00
# Visual Studio Version 17
VisualStudioVersion = 17.11.35312.102
MinimumVisualStudioVersion = 10.0.40219.1
Project("{FAE04EC0-301F-11D3-BF4B-00C04F79EFBC}") = "VideoMarcador", "VideoMarcador\VideoMarcador.csproj", "{5281BE26-ED45-40B4-BC4B-701F15E2FF3C}"
EndProject
Project("{FAE04EC0-301F-11D3-BF4B-00C04F79EFBC}") = "EstadioII", "EstadioII\EstadioII.csproj", "{FC2C4288-3C48-4737-AF57-F9CB89DE94AD}"
EndProject
Global
	GlobalSection(SolutionConfigurationPlatforms) = preSolution
		Debug|Any CPU = Debug|Any CPU
		Release|Any CPU = Release|Any CPU
	EndGlobalSection
	GlobalSection(ProjectConfigurationPlatforms) = postSolution
		{5281BE26-ED45-40B4-BC4B-701F15E2FF3C}.Debug|Any CPU.ActiveCfg = Debug|Any CPU
		{5281BE26-ED45-40B4-BC4B-701F15E2FF3C}.Debug|Any CPU.Build.0 = Debug|Any CPU
		{5281BE26-ED45-40B4-BC4B-701F15E2FF3C}.Release|Any CPU.ActiveCfg = Release|Any CPU
		{5281BE26-ED45-40B4-BC4B-701F15E2FF3C}.Release|Any CPU.Build.0 = Release|Any CPU
		{FC2C4288-3C48-4737-AF57-F9CB89DE94AD}.Debug|Any CPU.ActiveCfg = Debug|Any CPU
		{FC2C4288-3C48-4737-AF57-F9CB89DE94AD}.Debug|Any CPU.Build.0 = Debug|Any CPU
		{FC2C4288-3C48-4737-AF57-F9CB89DE94AD}.Release|Any CPU.ActiveCfg = Release|Any CPU
		{FC2C4288-3C48-4737-AF57-F9CB89DE94AD}.Release|Any CPU.Build.0 = Release|Any CPU
	EndGlobalSection
	GlobalSection(SolutionProperties) = preSolution
		HideSolutionNode = FALSE
	EndGlobalSection
	GlobalSection(ExtensibilityGlobals) = postSolution
		SolutionGuid = {D78336FF-F86F-436B-BAD3-1E0C8D14E993}
	EndGlobalSection
EndGlobal
