
Microsoft Visual Studio Solution File, Format Version 12.00
# Visual Studio Version 17
VisualStudioVersion = 17.11.35327.3
MinimumVisualStudioVersion = 10.0.40219.1
Project("{FAE04EC0-301F-11D3-BF4B-00C04F79EFBC}") = "Informes2", "Informes2\Informes2.csproj", "{A5DC4852-C586-444A-A42D-644988BBC24B}"
EndProject
Global
	GlobalSection(SolutionConfigurationPlatforms) = preSolution
		Debug|Any CPU = Debug|Any CPU
		Release|Any CPU = Release|Any CPU
	EndGlobalSection
	GlobalSection(ProjectConfigurationPlatforms) = postSolution
		{A5DC4852-C586-444A-A42D-644988BBC24B}.Debug|Any CPU.ActiveCfg = Debug|Any CPU
		{A5DC4852-C586-444A-A42D-644988BBC24B}.Debug|Any CPU.Build.0 = Debug|Any CPU
		{A5DC4852-C586-444A-A42D-644988BBC24B}.Release|Any CPU.ActiveCfg = Release|Any CPU
		{A5DC4852-C586-444A-A42D-644988BBC24B}.Release|Any CPU.Build.0 = Release|Any CPU
	EndGlobalSection
	GlobalSection(SolutionProperties) = preSolution
		HideSolutionNode = FALSE
	EndGlobalSection
	GlobalSection(ExtensibilityGlobals) = postSolution
		SolutionGuid = {80F68249-D92D-4A1A-B277-3C1054EA1E7D}
	EndGlobalSection
EndGlobal
