
Microsoft Visual Studio Solution File, Format Version 12.00
# Visual Studio Version 17
VisualStudioVersion = 17.11.35312.102
MinimumVisualStudioVersion = 10.0.40219.1
Project("{FAE04EC0-301F-11D3-BF4B-00C04F79EFBC}") = "AplicarComponentes", "AplicarComponentes\AplicarComponentes.csproj", "{F298C0D3-26C8-4057-8006-F61CEAE10119}"
EndProject
Project("{FAE04EC0-301F-11D3-BF4B-00C04F79EFBC}") = "TermometroPrimerElemento", "..\TermometroPrimerElemento\TermometroPrimerElemento\TermometroPrimerElemento.csproj", "{C622A1B1-3EB8-45E3-BA93-E05DDFE20A4D}"
EndProject
Global
	GlobalSection(SolutionConfigurationPlatforms) = preSolution
		Debug|Any CPU = Debug|Any CPU
		Release|Any CPU = Release|Any CPU
	EndGlobalSection
	GlobalSection(ProjectConfigurationPlatforms) = postSolution
		{F298C0D3-26C8-4057-8006-F61CEAE10119}.Debug|Any CPU.ActiveCfg = Debug|Any CPU
		{F298C0D3-26C8-4057-8006-F61CEAE10119}.Debug|Any CPU.Build.0 = Debug|Any CPU
		{F298C0D3-26C8-4057-8006-F61CEAE10119}.Release|Any CPU.ActiveCfg = Release|Any CPU
		{F298C0D3-26C8-4057-8006-F61CEAE10119}.Release|Any CPU.Build.0 = Release|Any CPU
		{C622A1B1-3EB8-45E3-BA93-E05DDFE20A4D}.Debug|Any CPU.ActiveCfg = Debug|Any CPU
		{C622A1B1-3EB8-45E3-BA93-E05DDFE20A4D}.Debug|Any CPU.Build.0 = Debug|Any CPU
		{C622A1B1-3EB8-45E3-BA93-E05DDFE20A4D}.Release|Any CPU.ActiveCfg = Release|Any CPU
		{C622A1B1-3EB8-45E3-BA93-E05DDFE20A4D}.Release|Any CPU.Build.0 = Release|Any CPU
	EndGlobalSection
	GlobalSection(SolutionProperties) = preSolution
		HideSolutionNode = FALSE
	EndGlobalSection
	GlobalSection(ExtensibilityGlobals) = postSolution
		SolutionGuid = {2013A56F-8939-4751-A7D0-C809C2B2EEE3}
	EndGlobalSection
EndGlobal
