
Microsoft Visual Studio Solution File, Format Version 12.00
# Visual Studio Version 17
VisualStudioVersion = 17.11.35312.102
MinimumVisualStudioVersion = 10.0.40219.1
Project("{FAE04EC0-301F-11D3-BF4B-00C04F79EFBC}") = "TermometroPrimerElemento", "TermometroPrimerElemento\TermometroPrimerElemento.csproj", "{C622A1B1-3EB8-45E3-BA93-E05DDFE20A4D}"
EndProject
Global
	GlobalSection(SolutionConfigurationPlatforms) = preSolution
		Debug|Any CPU = Debug|Any CPU
		Release|Any CPU = Release|Any CPU
	EndGlobalSection
	GlobalSection(ProjectConfigurationPlatforms) = postSolution
		{C622A1B1-3EB8-45E3-BA93-E05DDFE20A4D}.Debug|Any CPU.ActiveCfg = Debug|Any CPU
		{C622A1B1-3EB8-45E3-BA93-E05DDFE20A4D}.Debug|Any CPU.Build.0 = Debug|Any CPU
		{C622A1B1-3EB8-45E3-BA93-E05DDFE20A4D}.Release|Any CPU.ActiveCfg = Release|Any CPU
		{C622A1B1-3EB8-45E3-BA93-E05DDFE20A4D}.Release|Any CPU.Build.0 = Release|Any CPU
	EndGlobalSection
	GlobalSection(SolutionProperties) = preSolution
		HideSolutionNode = FALSE
	EndGlobalSection
	GlobalSection(ExtensibilityGlobals) = postSolution
		SolutionGuid = {3C42618C-4050-4D38-9D5A-52F3A1BA0E66}
	EndGlobalSection
EndGlobal
