
Microsoft Visual Studio Solution File, Format Version 12.00
# Visual Studio Version 17
VisualStudioVersion = 17.11.35312.102
MinimumVisualStudioVersion = 10.0.40219.1
Project("{FAE04EC0-301F-11D3-BF4B-00C04F79EFBC}") = "Informe", "Informe\Informe.csproj", "{19F63C78-37D4-4D9B-9C4D-A453B5D71F6B}"
EndProject
Global
	GlobalSection(SolutionConfigurationPlatforms) = preSolution
		Debug|Any CPU = Debug|Any CPU
		Release|Any CPU = Release|Any CPU
	EndGlobalSection
	GlobalSection(ProjectConfigurationPlatforms) = postSolution
		{19F63C78-37D4-4D9B-9C4D-A453B5D71F6B}.Debug|Any CPU.ActiveCfg = Debug|Any CPU
		{19F63C78-37D4-4D9B-9C4D-A453B5D71F6B}.Debug|Any CPU.Build.0 = Debug|Any CPU
		{19F63C78-37D4-4D9B-9C4D-A453B5D71F6B}.Release|Any CPU.ActiveCfg = Release|Any CPU
		{19F63C78-37D4-4D9B-9C4D-A453B5D71F6B}.Release|Any CPU.Build.0 = Release|Any CPU
	EndGlobalSection
	GlobalSection(SolutionProperties) = preSolution
		HideSolutionNode = FALSE
	EndGlobalSection
	GlobalSection(ExtensibilityGlobals) = postSolution
		SolutionGuid = {315255A0-8988-4BE9-85CD-A56B4989BED0}
	EndGlobalSection
EndGlobal
