
Microsoft Visual Studio Solution File, Format Version 12.00
# Visual Studio Version 17
VisualStudioVersion = 17.11.35312.102
MinimumVisualStudioVersion = 10.0.40219.1
Project("{FAE04EC0-301F-11D3-BF4B-00C04F79EFBC}") = "CreaciondelPrimerComponente", "CreaciondelPrimerComponente\CreaciondelPrimerComponente.csproj", "{D640BF85-10C9-444F-8844-1CF3F0F0FA9B}"
EndProject
Global
	GlobalSection(SolutionConfigurationPlatforms) = preSolution
		Debug|Any CPU = Debug|Any CPU
		Release|Any CPU = Release|Any CPU
	EndGlobalSection
	GlobalSection(ProjectConfigurationPlatforms) = postSolution
		{D640BF85-10C9-444F-8844-1CF3F0F0FA9B}.Debug|Any CPU.ActiveCfg = Debug|Any CPU
		{D640BF85-10C9-444F-8844-1CF3F0F0FA9B}.Debug|Any CPU.Build.0 = Debug|Any CPU
		{D640BF85-10C9-444F-8844-1CF3F0F0FA9B}.Release|Any CPU.ActiveCfg = Release|Any CPU
		{D640BF85-10C9-444F-8844-1CF3F0F0FA9B}.Release|Any CPU.Build.0 = Release|Any CPU
	EndGlobalSection
	GlobalSection(SolutionProperties) = preSolution
		HideSolutionNode = FALSE
	EndGlobalSection
	GlobalSection(ExtensibilityGlobals) = postSolution
		SolutionGuid = {F20BBB3B-E123-48D7-A81B-58E55D61788C}
	EndGlobalSection
EndGlobal
